PODS:
  - ADAL (4.0.4):
    - ADAL/app-lib (= 4.0.4)
  - ADAL/app-lib (4.0.4):
    - ADAL/tokencacheheader
  - ADAL/tokencacheheader (4.0.4)
  - Flutter (1.0.0)
  - flutteradal (1.0.0):
    - ADAL (= 4.0.4)
    - Flutter

DEPENDENCIES:
  - Flutter (from `Flutter`)
  - flutteradal (from `.symlinks/plugins/flutteradal/ios`)

SPEC REPOS:
  trunk:
    - ADAL

EXTERNAL SOURCES:
  Flutter:
    :path: Flutter
  flutteradal:
    :path: ".symlinks/plugins/flutteradal/ios"

SPEC CHECKSUMS:
  ADAL: a2eaf81a524ac8e7324062d53c8b6ad4394f64db
  Flutter: 0e3d915762c693b495b44d77113d4970485de6ec
  flutteradal: a8540364ad57bccefbf959cfdfbf988d49014ed7

PODFILE CHECKSUM: 1b66dae606f75376c5f2135a8290850eeb09ae83

COCOAPODS: 1.8.3
