PODS:
  - ADAL (4.0.3):
    - ADAL/app-lib (= 4.0.3)
  - ADAL/app-lib (4.0.3):
    - ADAL/tokencacheheader
  - ADAL/tokencacheheader (4.0.3)
  - Flutter (1.0.0)
  - flutteradal (1.0.0):
    - ADAL (= 4.0.3)
    - Flutter

DEPENDENCIES:
  - Flutter (from `.symlinks/flutter/ios`)
  - flutteradal (from `.symlinks/plugins/flutteradal/ios`)

SPEC REPOS:
  https://github.com/cocoapods/specs.git:
    - ADAL

EXTERNAL SOURCES:
  Flutter:
    :path: ".symlinks/flutter/ios"
  flutteradal:
    :path: ".symlinks/plugins/flutteradal/ios"

SPEC CHECKSUMS:
  ADAL: 55bf78d7b914c2edb37d5e36d754003b9a87a557
  Flutter: 0e3d915762c693b495b44d77113d4970485de6ec
  flutteradal: c7c55152567e8a19dd4dbda66010ab0447b8fe22

PODFILE CHECKSUM: ebd43b443038e611b86ede96e613bd6033c49497

COCOAPODS: 1.7.4
