PODS:
  - ADAL (2.4.1):
    - ADAL/app-lib (= 2.4.1)
  - ADAL/app-lib (2.4.1):
    - ADAL/tokencacheheader
  - ADAL/tokencacheheader (2.4.1)
  - Flutter (1.0.0)
  - flutteradal (0.0.1):
    - ADAL
    - Flutter

DEPENDENCIES:
  - Flutter (from `.symlinks/flutter/ios`)
  - flutteradal (from `.symlinks/plugins/flutteradal/ios`)

SPEC REPOS:
  https://github.com/cocoapods/specs.git:
    - ADAL

EXTERNAL SOURCES:
  Flutter:
    :path: ".symlinks/flutter/ios"
  flutteradal:
    :path: ".symlinks/plugins/flutteradal/ios"

SPEC CHECKSUMS:
  ADAL: 37e72fb9046333d4eccf785e5a47203381618539
  Flutter: 9d0fac939486c9aba2809b7982dfdbb47a7b0296
  flutteradal: 3572fb9917175e5f81556498473295691c3e4aee

PODFILE CHECKSUM: ebd43b443038e611b86ede96e613bd6033c49497

COCOAPODS: 1.5.3
